
Microsoft Visual Studio Solution File, Format Version 12.00
# Visual Studio Version 17
VisualStudioVersion = 17.13.35919.96 d17.13
MinimumVisualStudioVersion = 10.0.40219.1
Project("{FAE04EC0-301F-11D3-BF4B-00C04F79EFBC}") = "HCM.Web", "HCM.Web\HCM.Web.csproj", "{61184286-5397-44B2-8BFE-DE719972607A}"
EndProject
Project("{FAE04EC0-301F-11D3-BF4B-00C04F79EFBC}") = "HCM.Data", "HCM.Data\HCM.Data.csproj", "{7A1BAE31-0B05-435D-88C2-FC2975CBB875}"
EndProject
Project("{FAE04EC0-301F-11D3-BF4B-00C04F79EFBC}") = "HCM.Data.Models", "HCM.Data.Models\HCM.Data.Models.csproj", "{9A4E7580-4A7E-4A28-9FE3-56BA589D7953}"
EndProject
Project("{2150E333-8FDC-42A3-9474-1A3956D46DE8}") = "Data", "Data", "{02EA681E-C7D8-13C7-8484-4AC65E1B71E8}"
EndProject
Project("{2150E333-8FDC-42A3-9474-1A3956D46DE8}") = "Services", "Services", "{357C5FA7-8603-4519-BB94-C7335A9354AD}"
EndProject
Project("{2150E333-8FDC-42A3-9474-1A3956D46DE8}") = "Web", "Web", "{3C3123A6-03EE-495C-8D3A-C96DA0D134F5}"
EndProject
Project("{2150E333-8FDC-42A3-9474-1A3956D46DE8}") = "Api", "Api", "{29E301F3-69A1-426B-BFA4-ABEA629F7CF7}"
EndProject
Project("{FAE04EC0-301F-11D3-BF4B-00C04F79EFBC}") = "HCM.Services", "HCM.Services\HCM.Services.csproj", "{60058B86-B874-49D4-9EE6-B78EC904329D}"
EndProject
Project("{FAE04EC0-301F-11D3-BF4B-00C04F79EFBC}") = "HCM.Services.Mapping", "HCM.Services.Mapping\HCM.Services.Mapping.csproj", "{D6F51D9A-5432-4AF3-B7EB-5024F094E371}"
EndProject
Project("{FAE04EC0-301F-11D3-BF4B-00C04F79EFBC}") = "HCM.Web.ViewModels", "HCM.Web.ViewModels\HCM.Web.ViewModels.csproj", "{F6819355-70F7-4794-8958-5D8BBE9CB341}"
EndProject
Project("{FAE04EC0-301F-11D3-BF4B-00C04F79EFBC}") = "HCM.Common", "HCM.Common\HCM.Common.csproj", "{23410D5E-A6C1-497B-A061-6794DE50F596}"
EndProject
Project("{FAE04EC0-301F-11D3-BF4B-00C04F79EFBC}") = "HCM.Api.Auth", "HCM.Api.Auth\HCM.Api.Auth.csproj", "{4765C24B-2BA0-417E-AAB4-2FB6D3FC7FA5}"
EndProject
Project("{FAE04EC0-301F-11D3-BF4B-00C04F79EFBC}") = "HCM.Api.People", "HCM.Api.People\HCM.Api.People.csproj", "{0B54A2B5-163B-4C76-8DCC-8E1811F8A04A}"
EndProject
Global
	GlobalSection(SolutionConfigurationPlatforms) = preSolution
		Debug|Any CPU = Debug|Any CPU
		Release|Any CPU = Release|Any CPU
	EndGlobalSection
	GlobalSection(ProjectConfigurationPlatforms) = postSolution
		{61184286-5397-44B2-8BFE-DE719972607A}.Debug|Any CPU.ActiveCfg = Debug|Any CPU
		{61184286-5397-44B2-8BFE-DE719972607A}.Debug|Any CPU.Build.0 = Debug|Any CPU
		{61184286-5397-44B2-8BFE-DE719972607A}.Release|Any CPU.ActiveCfg = Release|Any CPU
		{61184286-5397-44B2-8BFE-DE719972607A}.Release|Any CPU.Build.0 = Release|Any CPU
		{7A1BAE31-0B05-435D-88C2-FC2975CBB875}.Debug|Any CPU.ActiveCfg = Debug|Any CPU
		{7A1BAE31-0B05-435D-88C2-FC2975CBB875}.Debug|Any CPU.Build.0 = Debug|Any CPU
		{7A1BAE31-0B05-435D-88C2-FC2975CBB875}.Release|Any CPU.ActiveCfg = Release|Any CPU
		{7A1BAE31-0B05-435D-88C2-FC2975CBB875}.Release|Any CPU.Build.0 = Release|Any CPU
		{9A4E7580-4A7E-4A28-9FE3-56BA589D7953}.Debug|Any CPU.ActiveCfg = Debug|Any CPU
		{9A4E7580-4A7E-4A28-9FE3-56BA589D7953}.Debug|Any CPU.Build.0 = Debug|Any CPU
		{9A4E7580-4A7E-4A28-9FE3-56BA589D7953}.Release|Any CPU.ActiveCfg = Release|Any CPU
		{9A4E7580-4A7E-4A28-9FE3-56BA589D7953}.Release|Any CPU.Build.0 = Release|Any CPU
		{60058B86-B874-49D4-9EE6-B78EC904329D}.Debug|Any CPU.ActiveCfg = Debug|Any CPU
		{60058B86-B874-49D4-9EE6-B78EC904329D}.Debug|Any CPU.Build.0 = Debug|Any CPU
		{60058B86-B874-49D4-9EE6-B78EC904329D}.Release|Any CPU.ActiveCfg = Release|Any CPU
		{60058B86-B874-49D4-9EE6-B78EC904329D}.Release|Any CPU.Build.0 = Release|Any CPU
		{D6F51D9A-5432-4AF3-B7EB-5024F094E371}.Debug|Any CPU.ActiveCfg = Debug|Any CPU
		{D6F51D9A-5432-4AF3-B7EB-5024F094E371}.Debug|Any CPU.Build.0 = Debug|Any CPU
		{D6F51D9A-5432-4AF3-B7EB-5024F094E371}.Release|Any CPU.ActiveCfg = Release|Any CPU
		{D6F51D9A-5432-4AF3-B7EB-5024F094E371}.Release|Any CPU.Build.0 = Release|Any CPU
		{F6819355-70F7-4794-8958-5D8BBE9CB341}.Debug|Any CPU.ActiveCfg = Debug|Any CPU
		{F6819355-70F7-4794-8958-5D8BBE9CB341}.Debug|Any CPU.Build.0 = Debug|Any CPU
		{F6819355-70F7-4794-8958-5D8BBE9CB341}.Release|Any CPU.ActiveCfg = Release|Any CPU
		{F6819355-70F7-4794-8958-5D8BBE9CB341}.Release|Any CPU.Build.0 = Release|Any CPU
		{23410D5E-A6C1-497B-A061-6794DE50F596}.Debug|Any CPU.ActiveCfg = Debug|Any CPU
		{23410D5E-A6C1-497B-A061-6794DE50F596}.Debug|Any CPU.Build.0 = Debug|Any CPU
		{23410D5E-A6C1-497B-A061-6794DE50F596}.Release|Any CPU.ActiveCfg = Release|Any CPU
		{23410D5E-A6C1-497B-A061-6794DE50F596}.Release|Any CPU.Build.0 = Release|Any CPU
		{4765C24B-2BA0-417E-AAB4-2FB6D3FC7FA5}.Debug|Any CPU.ActiveCfg = Debug|Any CPU
		{4765C24B-2BA0-417E-AAB4-2FB6D3FC7FA5}.Debug|Any CPU.Build.0 = Debug|Any CPU
		{4765C24B-2BA0-417E-AAB4-2FB6D3FC7FA5}.Release|Any CPU.ActiveCfg = Release|Any CPU
		{4765C24B-2BA0-417E-AAB4-2FB6D3FC7FA5}.Release|Any CPU.Build.0 = Release|Any CPU
		{0B54A2B5-163B-4C76-8DCC-8E1811F8A04A}.Debug|Any CPU.ActiveCfg = Debug|Any CPU
		{0B54A2B5-163B-4C76-8DCC-8E1811F8A04A}.Debug|Any CPU.Build.0 = Debug|Any CPU
		{0B54A2B5-163B-4C76-8DCC-8E1811F8A04A}.Release|Any CPU.ActiveCfg = Release|Any CPU
		{0B54A2B5-163B-4C76-8DCC-8E1811F8A04A}.Release|Any CPU.Build.0 = Release|Any CPU
	EndGlobalSection
	GlobalSection(SolutionProperties) = preSolution
		HideSolutionNode = FALSE
	EndGlobalSection
	GlobalSection(NestedProjects) = preSolution
		{61184286-5397-44B2-8BFE-DE719972607A} = {3C3123A6-03EE-495C-8D3A-C96DA0D134F5}
		{7A1BAE31-0B05-435D-88C2-FC2975CBB875} = {02EA681E-C7D8-13C7-8484-4AC65E1B71E8}
		{9A4E7580-4A7E-4A28-9FE3-56BA589D7953} = {02EA681E-C7D8-13C7-8484-4AC65E1B71E8}
		{60058B86-B874-49D4-9EE6-B78EC904329D} = {357C5FA7-8603-4519-BB94-C7335A9354AD}
		{D6F51D9A-5432-4AF3-B7EB-5024F094E371} = {357C5FA7-8603-4519-BB94-C7335A9354AD}
		{F6819355-70F7-4794-8958-5D8BBE9CB341} = {3C3123A6-03EE-495C-8D3A-C96DA0D134F5}
		{4765C24B-2BA0-417E-AAB4-2FB6D3FC7FA5} = {29E301F3-69A1-426B-BFA4-ABEA629F7CF7}
		{0B54A2B5-163B-4C76-8DCC-8E1811F8A04A} = {29E301F3-69A1-426B-BFA4-ABEA629F7CF7}
	EndGlobalSection
	GlobalSection(ExtensibilityGlobals) = postSolution
		SolutionGuid = {9973E800-109C-4040-BBE3-626DC11C67E6}
	EndGlobalSection
EndGlobal
